// !$*UTF8*$!
{
	archiveVersion = 1;
	classes = {
	};
	objectVersion = 77;
	objects = {

/* Begin PBXBuildFile section */
		153ACA282DCFE8C1001863C2 /* .gitignore in Resources */ = {isa = PBXBuildFile; fileRef = 153ACA272DCFE8B4001863C2 /* .gitignore */; };
		15E04D9E2DD0AD6500EECCFF /* CodeScanner in Frameworks */ = {isa = PBXBuildFile; productRef = 15E04D9D2DD0AD6500EECCFF /* CodeScanner */; };
		15E04DA62DD0CD9000EECCFF /* README.md in Resources */ = {isa = PBXBuildFile; fileRef = 15E04DA52DD0CD8A00EECCFF /* README.md */; };
/* End PBXBuildFile section */

/* Begin PBXContainerItemProxy section */
		153ACA012DCFE306001863C2 /* PBXContainerItemProxy */ = {
			isa = PBXContainerItemProxy;
			containerPortal = 153AC9E72DCFE305001863C2 /* Project object */;
			proxyType = 1;
			remoteGlobalIDString = 153AC9EE2DCFE305001863C2;
			remoteInfo = spensa;
		};
		153ACA0B2DCFE306001863C2 /* PBXContainerItemProxy */ = {
			isa = PBXContainerItemProxy;
			containerPortal = 153AC9E72DCFE305001863C2 /* Project object */;
			proxyType = 1;
			remoteGlobalIDString = 153AC9EE2DCFE305001863C2;
			remoteInfo = spensa;
		};
/* End PBXContainerItemProxy section */

/* Begin PBXFileReference section */
		153AC9EF2DCFE305001863C2 /* spensa.app */ = {isa = PBXFileReference; explicitFileType = wrapper.application; includeInIndex = 0; path = spensa.app; sourceTree = BUILT_PRODUCTS_DIR; };
		153ACA002DCFE306001863C2 /* spensaTests.xctest */ = {isa = PBXFileReference; explicitFileType = wrapper.cfbundle; includeInIndex = 0; path = spensaTests.xctest; sourceTree = BUILT_PRODUCTS_DIR; };
		153ACA0A2DCFE306001863C2 /* spensaUITests.xctest */ = {isa = PBXFileReference; explicitFileType = wrapper.cfbundle; includeInIndex = 0; path = spensaUITests.xctest; sourceTree = BUILT_PRODUCTS_DIR; };
		153ACA272DCFE8B4001863C2 /* .gitignore */ = {isa = PBXFileReference; lastKnownFileType = text; path = .gitignore; sourceTree = "<group>"; };
		15E04DA52DD0CD8A00EECCFF /* README.md */ = {isa = PBXFileReference; lastKnownFileType = net.daringfireball.markdown; path = README.md; sourceTree = "<group>"; };
/* End PBXFileReference section */

/* Begin PBXFileSystemSynchronizedBuildFileExceptionSet section */
		153ACA122DCFE306001863C2 /* Exceptions for "spensa" folder in "spensa" target */ = {
			isa = PBXFileSystemSynchronizedBuildFileExceptionSet;
			membershipExceptions = (
				Info.plist,
			);
			target = 153AC9EE2DCFE305001863C2 /* spensa */;
		};
/* End PBXFileSystemSynchronizedBuildFileExceptionSet section */

/* Begin PBXFileSystemSynchronizedRootGroup section */
		153AC9F12DCFE305001863C2 /* spensa */ = {
			isa = PBXFileSystemSynchronizedRootGroup;
			exceptions = (
				153ACA122DCFE306001863C2 /* Exceptions for "spensa" folder in "spensa" target */,
			);
			path = spensa;
			sourceTree = "<group>";
		};
		153ACA032DCFE306001863C2 /* spensaTests */ = {
			isa = PBXFileSystemSynchronizedRootGroup;
			path = spensaTests;
			sourceTree = "<group>";
		};
		153ACA0D2DCFE306001863C2 /* spensaUITests */ = {
			isa = PBXFileSystemSynchronizedRootGroup;
			path = spensaUITests;
			sourceTree = "<group>";
		};
/* End PBXFileSystemSynchronizedRootGroup section */

/* Begin PBXFrameworksBuildPhase section */
		153AC9EC2DCFE305001863C2 /* Frameworks */ = {
			isa = PBXFrameworksBuildPhase;
			buildActionMask = 2147483647;
			files = (
				15E04D9E2DD0AD6500EECCFF /* CodeScanner in Frameworks */,
			);
			runOnlyForDeploymentPostprocessing = 0;
		};
		153AC9FD2DCFE306001863C2 /* Frameworks */ = {
			isa = PBXFrameworksBuildPhase;
			buildActionMask = 2147483647;
			files = (
			);
			runOnlyForDeploymentPostprocessing = 0;
		};
		153ACA072DCFE306001863C2 /* Frameworks */ = {
			isa = PBXFrameworksBuildPhase;
			buildActionMask = 2147483647;
			files = (
			);
			runOnlyForDeploymentPostprocessing = 0;
		};
/* End PBXFrameworksBuildPhase section */

/* Begin PBXGroup section */
		153AC9E62DCFE305001863C2 = {
			isa = PBXGroup;
			children = (
				15E04DA52DD0CD8A00EECCFF /* README.md */,
				153ACA272DCFE8B4001863C2 /* .gitignore */,
				153AC9F12DCFE305001863C2 /* spensa */,
				153ACA032DCFE306001863C2 /* spensaTests */,
				153ACA0D2DCFE306001863C2 /* spensaUITests */,
				153AC9F02DCFE305001863C2 /* Products */,
			);
			sourceTree = "<group>";
		};
		153AC9F02DCFE305001863C2 /* Products */ = {
			isa = PBXGroup;
			children = (
				153AC9EF2DCFE305001863C2 /* spensa.app */,
				153ACA002DCFE306001863C2 /* spensaTests.xctest */,
				153ACA0A2DCFE306001863C2 /* spensaUITests.xctest */,
			);
			name = Products;
			sourceTree = "<group>";
		};
/* End PBXGroup section */

/* Begin PBXNativeTarget section */
		153AC9EE2DCFE305001863C2 /* spensa */ = {
			isa = PBXNativeTarget;
			buildConfigurationList = 153ACA132DCFE306001863C2 /* Build configuration list for PBXNativeTarget "spensa" */;
			buildPhases = (
				153AC9EB2DCFE305001863C2 /* Sources */,
				153AC9EC2DCFE305001863C2 /* Frameworks */,
				153AC9ED2DCFE305001863C2 /* Resources */,
			);
			buildRules = (
			);
			dependencies = (
			);
			fileSystemSynchronizedGroups = (
				153AC9F12DCFE305001863C2 /* spensa */,
			);
			name = spensa;
			packageProductDependencies = (
				15E04D9D2DD0AD6500EECCFF /* CodeScanner */,
			);
			productName = spensa;
			productReference = 153AC9EF2DCFE305001863C2 /* spensa.app */;
			productType = "com.apple.product-type.application";
		};
		153AC9FF2DCFE306001863C2 /* spensaTests */ = {
			isa = PBXNativeTarget;
			buildConfigurationList = 153ACA182DCFE306001863C2 /* Build configuration list for PBXNativeTarget "spensaTests" */;
			buildPhases = (
				153AC9FC2DCFE306001863C2 /* Sources */,
				153AC9FD2DCFE306001863C2 /* Frameworks */,
				153AC9FE2DCFE306001863C2 /* Resources */,
			);
			buildRules = (
			);
			dependencies = (
				153ACA022DCFE306001863C2 /* PBXTargetDependency */,
			);
			fileSystemSynchronizedGroups = (
				153ACA032DCFE306001863C2 /* spensaTests */,
			);
			name = spensaTests;
			packageProductDependencies = (
			);
			productName = spensaTests;
			productReference = 153ACA002DCFE306001863C2 /* spensaTests.xctest */;
			productType = "com.apple.product-type.bundle.unit-test";
		};
		153ACA092DCFE306001863C2 /* spensaUITests */ = {
			isa = PBXNativeTarget;
			buildConfigurationList = 153ACA1B2DCFE306001863C2 /* Build configuration list for PBXNativeTarget "spensaUITests" */;
			buildPhases = (
				153ACA062DCFE306001863C2 /* Sources */,
				153ACA072DCFE306001863C2 /* Frameworks */,
				153ACA082DCFE306001863C2 /* Resources */,
			);
			buildRules = (
			);
			dependencies = (
				153ACA0C2DCFE306001863C2 /* PBXTargetDependency */,
			);
			fileSystemSynchronizedGroups = (
				153ACA0D2DCFE306001863C2 /* spensaUITests */,
			);
			name = spensaUITests;
			packageProductDependencies = (
			);
			productName = spensaUITests;
			productReference = 153ACA0A2DCFE306001863C2 /* spensaUITests.xctest */;
			productType = "com.apple.product-type.bundle.ui-testing";
		};
/* End PBXNativeTarget section */

/* Begin PBXProject section */
		153AC9E72DCFE305001863C2 /* Project object */ = {
			isa = PBXProject;
			attributes = {
				BuildIndependentTargetsInParallel = 1;
				LastSwiftUpdateCheck = 1630;
				LastUpgradeCheck = 1630;
				TargetAttributes = {
					153AC9EE2DCFE305001863C2 = {
						CreatedOnToolsVersion = 16.3;
					};
					153AC9FF2DCFE306001863C2 = {
						CreatedOnToolsVersion = 16.3;
						TestTargetID = 153AC9EE2DCFE305001863C2;
					};
					153ACA092DCFE306001863C2 = {
						CreatedOnToolsVersion = 16.3;
						TestTargetID = 153AC9EE2DCFE305001863C2;
					};
				};
			};
			buildConfigurationList = 153AC9EA2DCFE305001863C2 /* Build configuration list for PBXProject "spensa" */;
			developmentRegion = en;
			hasScannedForEncodings = 0;
			knownRegions = (
				en,
				Base,
			);
			mainGroup = 153AC9E62DCFE305001863C2;
			minimizedProjectReferenceProxies = 1;
			packageReferences = (
				15E04D9C2DD0AD6500EECCFF /* XCRemoteSwiftPackageReference "CodeScanner" */,
			);
			preferredProjectObjectVersion = 77;
			productRefGroup = 153AC9F02DCFE305001863C2 /* Products */;
			projectDirPath = "";
			projectRoot = "";
			targets = (
				153AC9EE2DCFE305001863C2 /* spensa */,
				153AC9FF2DCFE306001863C2 /* spensaTests */,
				153ACA092DCFE306001863C2 /* spensaUITests */,
			);
		};
/* End PBXProject section */

/* Begin PBXResourcesBuildPhase section */
		153AC9ED2DCFE305001863C2 /* Resources */ = {
			isa = PBXResourcesBuildPhase;
			buildActionMask = 2147483647;
			files = (
				15E04DA62DD0CD9000EECCFF /* README.md in Resources */,
				153ACA282DCFE8C1001863C2 /* .gitignore in Resources */,
			);
			runOnlyForDeploymentPostprocessing = 0;
		};
		153AC9FE2DCFE306001863C2 /* Resources */ = {
			isa = PBXResourcesBuildPhase;
			buildActionMask = 2147483647;
			files = (
			);
			runOnlyForDeploymentPostprocessing = 0;
		};
		153ACA082DCFE306001863C2 /* Resources */ = {
			isa = PBXResourcesBuildPhase;
			buildActionMask = 2147483647;
			files = (
			);
			runOnlyForDeploymentPostprocessing = 0;
		};
/* End PBXResourcesBuildPhase section */

/* Begin PBXSourcesBuildPhase section */
		153AC9EB2DCFE305001863C2 /* Sources */ = {
			isa = PBXSourcesBuildPhase;
			buildActionMask = 2147483647;
			files = (
			);
			runOnlyForDeploymentPostprocessing = 0;
		};
		153AC9FC2DCFE306001863C2 /* Sources */ = {
			isa = PBXSourcesBuildPhase;
			buildActionMask = 2147483647;
			files = (
			);
			runOnlyForDeploymentPostprocessing = 0;
		};
		153ACA062DCFE306001863C2 /* Sources */ = {
			isa = PBXSourcesBuildPhase;
			buildActionMask = 2147483647;
			files = (
			);
			runOnlyForDeploymentPostprocessing = 0;
		};
/* End PBXSourcesBuildPhase section */

/* Begin PBXTargetDependency section */
		153ACA022DCFE306001863C2 /* PBXTargetDependency */ = {
			isa = PBXTargetDependency;
			target = 153AC9EE2DCFE305001863C2 /* spensa */;
			targetProxy = 153ACA012DCFE306001863C2 /* PBXContainerItemProxy */;
		};
		153ACA0C2DCFE306001863C2 /* PBXTargetDependency */ = {
			isa = PBXTargetDependency;
			target = 153AC9EE2DCFE305001863C2 /* spensa */;
			targetProxy = 153ACA0B2DCFE306001863C2 /* PBXContainerItemProxy */;
		};
/* End PBXTargetDependency section */

/* Begin XCBuildConfiguration section */
		153ACA142DCFE306001863C2 /* Debug */ = {
			isa = XCBuildConfiguration;
			buildSettings = {
				ASSETCATALOG_COMPILER_APPICON_NAME = AppIcon;
				ASSETCATALOG_COMPILER_GLOBAL_ACCENT_COLOR_NAME = AccentColor;
				CODE_SIGN_ENTITLEMENTS = spensa/spensa.entitlements;
				CODE_SIGN_IDENTITY = "Apple Development";
				CODE_SIGN_STYLE = Automatic;
				CURRENT_PROJECT_VERSION = 1;
				DEVELOPMENT_TEAM = Y68KMMTFAB;
				ENABLE_PREVIEWS = YES;
				GENERATE_INFOPLIST_FILE = YES;
				INFOPLIST_FILE = spensa/Info.plist;
				INFOPLIST_KEY_NSCameraUsageDescription = "Spensa uses your camera to scan product barcodes so you can quickly add items to your pantry.\n";
				INFOPLIST_KEY_UIApplicationSceneManifest_Generation = YES;
				INFOPLIST_KEY_UIApplicationSupportsIndirectInputEvents = YES;
				INFOPLIST_KEY_UILaunchScreen_Generation = YES;
				INFOPLIST_KEY_UISupportedInterfaceOrientations_iPad = "UIInterfaceOrientationPortrait UIInterfaceOrientationPortraitUpsideDown UIInterfaceOrientationLandscapeLeft UIInterfaceOrientationLandscapeRight";
				INFOPLIST_KEY_UISupportedInterfaceOrientations_iPhone = "UIInterfaceOrientationPortrait UIInterfaceOrientationLandscapeLeft UIInterfaceOrientationLandscapeRight";
				LD_RUNPATH_SEARCH_PATHS = (
					"$(inherited)",
					"@executable_path/Frameworks",
				);
				MARKETING_VERSION = 1.0;
				PRODUCT_BUNDLE_IDENTIFIER = com.pattit.spensa;
				PRODUCT_NAME = "$(TARGET_NAME)";
				PROVISIONING_PROFILE_SPECIFIER = "";
				SWIFT_EMIT_LOC_STRINGS = YES;
				SWIFT_VERSION = 5.0;
				TARGETED_DEVICE_FAMILY = "1,2";
			};
			name = Debug;
		};
		153ACA152DCFE306001863C2 /* Release */ = {
			isa = XCBuildConfiguration;
			buildSettings = {
				ASSETCATALOG_COMPILER_APPICON_NAME = AppIcon;
				ASSETCATALOG_COMPILER_GLOBAL_ACCENT_COLOR_NAME = AccentColor;
				CODE_SIGN_ENTITLEMENTS = spensa/spensa.entitlements;
				CODE_SIGN_IDENTITY = "Apple Development";
				CODE_SIGN_STYLE = Automatic;
				CURRENT_PROJECT_VERSION = 1;
				DEVELOPMENT_TEAM = Y68KMMTFAB;
				ENABLE_PREVIEWS = YES;
				GENERATE_INFOPLIST_FILE = YES;
				INFOPLIST_FILE = spensa/Info.plist;
				INFOPLIST_KEY_NSCameraUsageDescription = "Spensa uses your camera to scan product barcodes so you can quickly add items to your pantry.\n";
				INFOPLIST_KEY_UIApplicationSceneManifest_Generation = YES;
				INFOPLIST_KEY_UIApplicationSupportsIndirectInputEvents = YES;
				INFOPLIST_KEY_UILaunchScreen_Generation = YES;
				INFOPLIST_KEY_UISupportedInterfaceOrientations_iPad = "UIInterfaceOrientationPortrait UIInterfaceOrientationPortraitUpsideDown UIInterfaceOrientationLandscapeLeft UIInterfaceOrientationLandscapeRight";
				INFOPLIST_KEY_UISupportedInterfaceOrientations_iPhone = "UIInterfaceOrientationPortrait UIInterfaceOrientationLandscapeLeft UIInterfaceOrientationLandscapeRight";
				LD_RUNPATH_SEARCH_PATHS = (
					"$(inherited)",
					"@executable_path/Frameworks",
				);
				MARKETING_VERSION = 1.0;
				PRODUCT_BUNDLE_IDENTIFIER = com.pattit.spensa;
				PRODUCT_NAME = "$(TARGET_NAME)";
				PROVISIONING_PROFILE_SPECIFIER = "";
				SWIFT_EMIT_LOC_STRINGS = YES;
				SWIFT_VERSION = 5.0;
				TARGETED_DEVICE_FAMILY = "1,2";
			};
			name = Release;
		};
		153ACA162DCFE306001863C2 /* Debug */ = {
			isa = XCBuildConfiguration;
			buildSettings = {
				ALWAYS_SEARCH_USER_PATHS = NO;
				ASSETCATALOG_COMPILER_GENERATE_SWIFT_ASSET_SYMBOL_EXTENSIONS = YES;
				CLANG_ANALYZER_NONNULL = YES;
				CLANG_ANALYZER_NUMBER_OBJECT_CONVERSION = YES_AGGRESSIVE;
				CLANG_CXX_LANGUAGE_STANDARD = "gnu++20";
				CLANG_ENABLE_MODULES = YES;
				CLANG_ENABLE_OBJC_ARC = YES;
				CLANG_ENABLE_OBJC_WEAK = YES;
				CLANG_WARN_BLOCK_CAPTURE_AUTORELEASING = YES;
				CLANG_WARN_BOOL_CONVERSION = YES;
				CLANG_WARN_COMMA = YES;
				CLANG_WARN_CONSTANT_CONVERSION = YES;
				CLANG_WARN_DEPRECATED_OBJC_IMPLEMENTATIONS = YES;
				CLANG_WARN_DIRECT_OBJC_ISA_USAGE = YES_ERROR;
				CLANG_WARN_DOCUMENTATION_COMMENTS = YES;
				CLANG_WARN_EMPTY_BODY = YES;
				CLANG_WARN_ENUM_CONVERSION = YES;
				CLANG_WARN_INFINITE_RECURSION = YES;
				CLANG_WARN_INT_CONVERSION = YES;
				CLANG_WARN_NON_LITERAL_NULL_CONVERSION = YES;
				CLANG_WARN_OBJC_IMPLICIT_RETAIN_SELF = YES;
				CLANG_WARN_OBJC_LITERAL_CONVERSION = YES;
				CLANG_WARN_OBJC_ROOT_CLASS = YES_ERROR;
				CLANG_WARN_QUOTED_INCLUDE_IN_FRAMEWORK_HEADER = YES;
				CLANG_WARN_RANGE_LOOP_ANALYSIS = YES;
				CLANG_WARN_STRICT_PROTOTYPES = YES;
				CLANG_WARN_SUSPICIOUS_MOVE = YES;
				CLANG_WARN_UNGUARDED_AVAILABILITY = YES_AGGRESSIVE;
				CLANG_WARN_UNREACHABLE_CODE = YES;
				CLANG_WARN__DUPLICATE_METHOD_MATCH = YES;
				COPY_PHASE_STRIP = NO;
				DEBUG_INFORMATION_FORMAT = dwarf;
				DEVELOPMENT_TEAM = Y68KMMTFAB;
				ENABLE_STRICT_OBJC_MSGSEND = YES;
				ENABLE_TESTABILITY = YES;
				ENABLE_USER_SCRIPT_SANDBOXING = YES;
				GCC_C_LANGUAGE_STANDARD = gnu17;
				GCC_DYNAMIC_NO_PIC = NO;
				GCC_NO_COMMON_BLOCKS = YES;
				GCC_OPTIMIZATION_LEVEL = 0;
				GCC_PREPROCESSOR_DEFINITIONS = (
					"DEBUG=1",
					"$(inherited)",
				);
				GCC_WARN_64_TO_32_BIT_CONVERSION = YES;
				GCC_WARN_ABOUT_RETURN_TYPE = YES_ERROR;
				GCC_WARN_UNDECLARED_SELECTOR = YES;
				GCC_WARN_UNINITIALIZED_AUTOS = YES_AGGRESSIVE;
				GCC_WARN_UNUSED_FUNCTION = YES;
				GCC_WARN_UNUSED_VARIABLE = YES;
				IPHONEOS_DEPLOYMENT_TARGET = 18.4;
				LOCALIZATION_PREFERS_STRING_CATALOGS = YES;
				MTL_ENABLE_DEBUG_INFO = INCLUDE_SOURCE;
				MTL_FAST_MATH = YES;
				ONLY_ACTIVE_ARCH = YES;
				SDKROOT = iphoneos;
				SWIFT_ACTIVE_COMPILATION_CONDITIONS = "DEBUG $(inherited)";
				SWIFT_OPTIMIZATION_LEVEL = "-Onone";
			};
			name = Debug;
		};
		153ACA172DCFE306001863C2 /* Release */ = {
			isa = XCBuildConfiguration;
			buildSettings = {
				ALWAYS_SEARCH_USER_PATHS = NO;
				ASSETCATALOG_COMPILER_GENERATE_SWIFT_ASSET_SYMBOL_EXTENSIONS = YES;
				CLANG_ANALYZER_NONNULL = YES;
				CLANG_ANALYZER_NUMBER_OBJECT_CONVERSION = YES_AGGRESSIVE;
				CLANG_CXX_LANGUAGE_STANDARD = "gnu++20";
				CLANG_ENABLE_MODULES = YES;
				CLANG_ENABLE_OBJC_ARC = YES;
				CLANG_ENABLE_OBJC_WEAK = YES;
				CLANG_WARN_BLOCK_CAPTURE_AUTORELEASING = YES;
				CLANG_WARN_BOOL_CONVERSION = YES;
				CLANG_WARN_COMMA = YES;
				CLANG_WARN_CONSTANT_CONVERSION = YES;
				CLANG_WARN_DEPRECATED_OBJC_IMPLEMENTATIONS = YES;
				CLANG_WARN_DIRECT_OBJC_ISA_USAGE = YES_ERROR;
				CLANG_WARN_DOCUMENTATION_COMMENTS = YES;
				CLANG_WARN_EMPTY_BODY = YES;
				CLANG_WARN_ENUM_CONVERSION = YES;
				CLANG_WARN_INFINITE_RECURSION = YES;
				CLANG_WARN_INT_CONVERSION = YES;
				CLANG_WARN_NON_LITERAL_NULL_CONVERSION = YES;
				CLANG_WARN_OBJC_IMPLICIT_RETAIN_SELF = YES;
				CLANG_WARN_OBJC_LITERAL_CONVERSION = YES;
				CLANG_WARN_OBJC_ROOT_CLASS = YES_ERROR;
				CLANG_WARN_QUOTED_INCLUDE_IN_FRAMEWORK_HEADER = YES;
				CLANG_WARN_RANGE_LOOP_ANALYSIS = YES;
				CLANG_WARN_STRICT_PROTOTYPES = YES;
				CLANG_WARN_SUSPICIOUS_MOVE = YES;
				CLANG_WARN_UNGUARDED_AVAILABILITY = YES_AGGRESSIVE;
				CLANG_WARN_UNREACHABLE_CODE = YES;
				CLANG_WARN__DUPLICATE_METHOD_MATCH = YES;
				COPY_PHASE_STRIP = NO;
				DEBUG_INFORMATION_FORMAT = "dwarf-with-dsym";
				DEVELOPMENT_TEAM = Y68KMMTFAB;
				ENABLE_NS_ASSERTIONS = NO;
				ENABLE_STRICT_OBJC_MSGSEND = YES;
				ENABLE_USER_SCRIPT_SANDBOXING = YES;
				GCC_C_LANGUAGE_STANDARD = gnu17;
				GCC_NO_COMMON_BLOCKS = YES;
				GCC_WARN_64_TO_32_BIT_CONVERSION = YES;
				GCC_WARN_ABOUT_RETURN_TYPE = YES_ERROR;
				GCC_WARN_UNDECLARED_SELECTOR = YES;
				GCC_WARN_UNINITIALIZED_AUTOS = YES_AGGRESSIVE;
				GCC_WARN_UNUSED_FUNCTION = YES;
				GCC_WARN_UNUSED_VARIABLE = YES;
				IPHONEOS_DEPLOYMENT_TARGET = 18.4;
				LOCALIZATION_PREFERS_STRING_CATALOGS = YES;
				MTL_ENABLE_DEBUG_INFO = NO;
				MTL_FAST_MATH = YES;
				SDKROOT = iphoneos;
				SWIFT_COMPILATION_MODE = wholemodule;
				VALIDATE_PRODUCT = YES;
			};
			name = Release;
		};
		153ACA192DCFE306001863C2 /* Debug */ = {
			isa = XCBuildConfiguration;
			buildSettings = {
				BUNDLE_LOADER = "$(TEST_HOST)";
				CODE_SIGN_STYLE = Automatic;
				CURRENT_PROJECT_VERSION = 1;
				DEVELOPMENT_TEAM = Y68KMMTFAB;
				GENERATE_INFOPLIST_FILE = YES;
				IPHONEOS_DEPLOYMENT_TARGET = 18.4;
				MARKETING_VERSION = 1.0;
				PRODUCT_BUNDLE_IDENTIFIER = pattit.spensaTests;
				PRODUCT_NAME = "$(TARGET_NAME)";
				SWIFT_EMIT_LOC_STRINGS = NO;
				SWIFT_VERSION = 5.0;
				TARGETED_DEVICE_FAMILY = "1,2";
				TEST_HOST = "$(BUILT_PRODUCTS_DIR)/spensa.app/$(BUNDLE_EXECUTABLE_FOLDER_PATH)/spensa";
			};
			name = Debug;
		};
		153ACA1A2DCFE306001863C2 /* Release */ = {
			isa = XCBuildConfiguration;
			buildSettings = {
				BUNDLE_LOADER = "$(TEST_HOST)";
				CODE_SIGN_STYLE = Automatic;
				CURRENT_PROJECT_VERSION = 1;
				DEVELOPMENT_TEAM = Y68KMMTFAB;
				GENERATE_INFOPLIST_FILE = YES;
				IPHONEOS_DEPLOYMENT_TARGET = 18.4;
				MARKETING_VERSION = 1.0;
				PRODUCT_BUNDLE_IDENTIFIER = pattit.spensaTests;
				PRODUCT_NAME = "$(TARGET_NAME)";
				SWIFT_EMIT_LOC_STRINGS = NO;
				SWIFT_VERSION = 5.0;
				TARGETED_DEVICE_FAMILY = "1,2";
				TEST_HOST = "$(BUILT_PRODUCTS_DIR)/spensa.app/$(BUNDLE_EXECUTABLE_FOLDER_PATH)/spensa";
			};
			name = Release;
		};
		153ACA1C2DCFE306001863C2 /* Debug */ = {
			isa = XCBuildConfiguration;
			buildSettings = {
				CODE_SIGN_STYLE = Automatic;
				CURRENT_PROJECT_VERSION = 1;
				DEVELOPMENT_TEAM = Y68KMMTFAB;
				GENERATE_INFOPLIST_FILE = YES;
				MARKETING_VERSION = 1.0;
				PRODUCT_BUNDLE_IDENTIFIER = pattit.spensaUITests;
				PRODUCT_NAME = "$(TARGET_NAME)";
				SWIFT_EMIT_LOC_STRINGS = NO;
				SWIFT_VERSION = 5.0;
				TARGETED_DEVICE_FAMILY = "1,2";
				TEST_TARGET_NAME = spensa;
			};
			name = Debug;
		};
		153ACA1D2DCFE306001863C2 /* Release */ = {
			isa = XCBuildConfiguration;
			buildSettings = {
				CODE_SIGN_STYLE = Automatic;
				CURRENT_PROJECT_VERSION = 1;
				DEVELOPMENT_TEAM = Y68KMMTFAB;
				GENERATE_INFOPLIST_FILE = YES;
				MARKETING_VERSION = 1.0;
				PRODUCT_BUNDLE_IDENTIFIER = pattit.spensaUITests;
				PRODUCT_NAME = "$(TARGET_NAME)";
				SWIFT_EMIT_LOC_STRINGS = NO;
				SWIFT_VERSION = 5.0;
				TARGETED_DEVICE_FAMILY = "1,2";
				TEST_TARGET_NAME = spensa;
			};
			name = Release;
		};
/* End XCBuildConfiguration section */

/* Begin XCConfigurationList section */
		153AC9EA2DCFE305001863C2 /* Build configuration list for PBXProject "spensa" */ = {
			isa = XCConfigurationList;
			buildConfigurations = (
				153ACA162DCFE306001863C2 /* Debug */,
				153ACA172DCFE306001863C2 /* Release */,
			);
			defaultConfigurationIsVisible = 0;
			defaultConfigurationName = Release;
		};
		153ACA132DCFE306001863C2 /* Build configuration list for PBXNativeTarget "spensa" */ = {
			isa = XCConfigurationList;
			buildConfigurations = (
				153ACA142DCFE306001863C2 /* Debug */,
				153ACA152DCFE306001863C2 /* Release */,
			);
			defaultConfigurationIsVisible = 0;
			defaultConfigurationName = Release;
		};
		153ACA182DCFE306001863C2 /* Build configuration list for PBXNativeTarget "spensaTests" */ = {
			isa = XCConfigurationList;
			buildConfigurations = (
				153ACA192DCFE306001863C2 /* Debug */,
				153ACA1A2DCFE306001863C2 /* Release */,
			);
			defaultConfigurationIsVisible = 0;
			defaultConfigurationName = Release;
		};
		153ACA1B2DCFE306001863C2 /* Build configuration list for PBXNativeTarget "spensaUITests" */ = {
			isa = XCConfigurationList;
			buildConfigurations = (
				153ACA1C2DCFE306001863C2 /* Debug */,
				153ACA1D2DCFE306001863C2 /* Release */,
			);
			defaultConfigurationIsVisible = 0;
			defaultConfigurationName = Release;
		};
/* End XCConfigurationList section */

/* Begin XCRemoteSwiftPackageReference section */
		15E04D9C2DD0AD6500EECCFF /* XCRemoteSwiftPackageReference "CodeScanner" */ = {
			isa = XCRemoteSwiftPackageReference;
			repositoryURL = "https://github.com/twostraws/CodeScanner";
			requirement = {
				kind = upToNextMajorVersion;
				minimumVersion = 2.5.2;
			};
		};
/* End XCRemoteSwiftPackageReference section */

/* Begin XCSwiftPackageProductDependency section */
		15E04D9D2DD0AD6500EECCFF /* CodeScanner */ = {
			isa = XCSwiftPackageProductDependency;
			package = 15E04D9C2DD0AD6500EECCFF /* XCRemoteSwiftPackageReference "CodeScanner" */;
			productName = CodeScanner;
		};
/* End XCSwiftPackageProductDependency section */
	};
	rootObject = 153AC9E72DCFE305001863C2 /* Project object */;
}
